
Microsoft Visual Studio Solution File, Format Version 12.00
# Visual Studio Version 17
VisualStudioVersion = 17.6.33829.357
MinimumVisualStudioVersion = 10.0.40219.1
Project("{FAE04EC0-301F-11D3-BF4B-00C04F79EFBC}") = "connecticut", "connecticut.csproj", "{5E858405-1D8B-4B4E-B3C7-CF1AF1C26472}"
EndProject
Global
	GlobalSection(SolutionConfigurationPlatforms) = preSolution
		Debug|Any CPU = Debug|Any CPU
		Release|Any CPU = Release|Any CPU
	EndGlobalSection
	GlobalSection(ProjectConfigurationPlatforms) = postSolution
		{5E858405-1D8B-4B4E-B3C7-CF1AF1C26472}.Debug|Any CPU.ActiveCfg = Debug|Any CPU
		{5E858405-1D8B-4B4E-B3C7-CF1AF1C26472}.Debug|Any CPU.Build.0 = Debug|Any CPU
		{5E858405-1D8B-4B4E-B3C7-CF1AF1C26472}.Release|Any CPU.ActiveCfg = Release|Any CPU
		{5E858405-1D8B-4B4E-B3C7-CF1AF1C26472}.Release|Any CPU.Build.0 = Release|Any CPU
	EndGlobalSection
	GlobalSection(SolutionProperties) = preSolution
		HideSolutionNode = FALSE
	EndGlobalSection
	GlobalSection(ExtensibilityGlobals) = postSolution
		SolutionGuid = {7646EAAE-4B6A-45C8-96BF-FF729E166854}
	EndGlobalSection
EndGlobal
